
Microsoft Visual Studio Solution File, Format Version 12.00
Project("{FAE04EC0-301F-11D3-BF4B-00C04F79EFBC}") = "PR_6_Threads", "PR_6_Threads\PR_6_Threads.csproj", "{99FE53DC-D892-4074-9609-A893B03D17AB}"
EndProject
Global
	GlobalSection(SolutionConfigurationPlatforms) = preSolution
		Debug|Any CPU = Debug|Any CPU
		Release|Any CPU = Release|Any CPU
	EndGlobalSection
	GlobalSection(ProjectConfigurationPlatforms) = postSolution
		{99FE53DC-D892-4074-9609-A893B03D17AB}.Debug|Any CPU.ActiveCfg = Debug|Any CPU
		{99FE53DC-D892-4074-9609-A893B03D17AB}.Debug|Any CPU.Build.0 = Debug|Any CPU
		{99FE53DC-D892-4074-9609-A893B03D17AB}.Release|Any CPU.ActiveCfg = Release|Any CPU
		{99FE53DC-D892-4074-9609-A893B03D17AB}.Release|Any CPU.Build.0 = Release|Any CPU
	EndGlobalSection
EndGlobal
